// !$*UTF8*$!
{
	archiveVersion = 1;
	classes = {
	};
	objectVersion = 50;
	objects = {

/* Begin PBXBuildFile section */
		DBDB08AA2177AB9600AC012E /* AppDelegate.swift in Sources */ = {isa = PBXBuildFile; fileRef = DBDB08A92177AB9600AC012E /* AppDelegate.swift */; };
		DBDB08AF2177AB9600AC012E /* Main.storyboard in Resources */ = {isa = PBXBuildFile; fileRef = DBDB08AD2177AB9600AC012E /* Main.storyboard */; };
		DBDB08B12177AB9900AC012E /* Assets.xcassets in Resources */ = {isa = PBXBuildFile; fileRef = DBDB08B02177AB9900AC012E /* Assets.xcassets */; };
		DBDB08B42177AB9900AC012E /* LaunchScreen.storyboard in Resources */ = {isa = PBXBuildFile; fileRef = DBDB08B22177AB9900AC012E /* LaunchScreen.storyboard */; };
		DBDB08BC2177AC7800AC012E /* Video.swift in Sources */ = {isa = PBXBuildFile; fileRef = DBDB08BB2177AC7700AC012E /* Video.swift */; };
		DBDB08BE2177AD7A00AC012E /* VideosTableViewController.swift in Sources */ = {isa = PBXBuildFile; fileRef = DBDB08BD2177AD7A00AC012E /* VideosTableViewController.swift */; };
		DBDB08C02177B1D700AC012E /* VideoTableViewCell.swift in Sources */ = {isa = PBXBuildFile; fileRef = DBDB08BF2177B1D700AC012E /* VideoTableViewCell.swift */; };
		DBDB08CA2177B54900AC012E /* v2.mp4 in Resources */ = {isa = PBXBuildFile; fileRef = DBDB08C42177B54200AC012E /* v2.mp4 */; };
		DBDB08CB2177B54900AC012E /* v6.mp4 in Resources */ = {isa = PBXBuildFile; fileRef = DBDB08C52177B54300AC012E /* v6.mp4 */; };
		DBDB08CC2177B54900AC012E /* v4.mp4 in Resources */ = {isa = PBXBuildFile; fileRef = DBDB08C62177B54300AC012E /* v4.mp4 */; };
		DBDB08CD2177B54900AC012E /* v5.mp4 in Resources */ = {isa = PBXBuildFile; fileRef = DBDB08C72177B54500AC012E /* v5.mp4 */; };
		DBDB08CE2177B54900AC012E /* v3.mp4 in Resources */ = {isa = PBXBuildFile; fileRef = DBDB08C82177B54600AC012E /* v3.mp4 */; };
		DBDB08CF2177B54900AC012E /* v1.mp4 in Resources */ = {isa = PBXBuildFile; fileRef = DBDB08C92177B54800AC012E /* v1.mp4 */; };
/* End PBXBuildFile section */

/* Begin PBXFileReference section */
		DBDB08A62177AB9600AC012E /* VideoTable.app */ = {isa = PBXFileReference; explicitFileType = wrapper.application; includeInIndex = 0; path = VideoTable.app; sourceTree = BUILT_PRODUCTS_DIR; };
		DBDB08A92177AB9600AC012E /* AppDelegate.swift */ = {isa = PBXFileReference; lastKnownFileType = sourcecode.swift; path = AppDelegate.swift; sourceTree = "<group>"; };
		DBDB08AE2177AB9600AC012E /* Base */ = {isa = PBXFileReference; lastKnownFileType = file.storyboard; name = Base; path = Base.lproj/Main.storyboard; sourceTree = "<group>"; };
		DBDB08B02177AB9900AC012E /* Assets.xcassets */ = {isa = PBXFileReference; lastKnownFileType = folder.assetcatalog; path = Assets.xcassets; sourceTree = "<group>"; };
		DBDB08B32177AB9900AC012E /* Base */ = {isa = PBXFileReference; lastKnownFileType = file.storyboard; name = Base; path = Base.lproj/LaunchScreen.storyboard; sourceTree = "<group>"; };
		DBDB08B52177AB9900AC012E /* Info.plist */ = {isa = PBXFileReference; lastKnownFileType = text.plist.xml; path = Info.plist; sourceTree = "<group>"; };
		DBDB08BB2177AC7700AC012E /* Video.swift */ = {isa = PBXFileReference; fileEncoding = 4; lastKnownFileType = sourcecode.swift; path = Video.swift; sourceTree = "<group>"; };
		DBDB08BD2177AD7A00AC012E /* VideosTableViewController.swift */ = {isa = PBXFileReference; lastKnownFileType = sourcecode.swift; path = VideosTableViewController.swift; sourceTree = "<group>"; };
		DBDB08BF2177B1D700AC012E /* VideoTableViewCell.swift */ = {isa = PBXFileReference; lastKnownFileType = sourcecode.swift; path = VideoTableViewCell.swift; sourceTree = "<group>"; };
		DBDB08C42177B54200AC012E /* v2.mp4 */ = {isa = PBXFileReference; lastKnownFileType = file; path = v2.mp4; sourceTree = "<group>"; };
		DBDB08C52177B54300AC012E /* v6.mp4 */ = {isa = PBXFileReference; lastKnownFileType = file; path = v6.mp4; sourceTree = "<group>"; };
		DBDB08C62177B54300AC012E /* v4.mp4 */ = {isa = PBXFileReference; lastKnownFileType = file; path = v4.mp4; sourceTree = "<group>"; };
		DBDB08C72177B54500AC012E /* v5.mp4 */ = {isa = PBXFileReference; lastKnownFileType = file; path = v5.mp4; sourceTree = "<group>"; };
		DBDB08C82177B54600AC012E /* v3.mp4 */ = {isa = PBXFileReference; lastKnownFileType = file; path = v3.mp4; sourceTree = "<group>"; };
		DBDB08C92177B54800AC012E /* v1.mp4 */ = {isa = PBXFileReference; lastKnownFileType = file; path = v1.mp4; sourceTree = "<group>"; };
/* End PBXFileReference section */

/* Begin PBXFrameworksBuildPhase section */
		DBDB08A32177AB9600AC012E /* Frameworks */ = {
			isa = PBXFrameworksBuildPhase;
			buildActionMask = 2147483647;
			files = (
			);
			runOnlyForDeploymentPostprocessing = 0;
		};
/* End PBXFrameworksBuildPhase section */

/* Begin PBXGroup section */
		DBDB089D2177AB9600AC012E = {
			isa = PBXGroup;
			children = (
				DBDB08A82177AB9600AC012E /* VideoTable */,
				DBDB08A72177AB9600AC012E /* Products */,
			);
			sourceTree = "<group>";
		};
		DBDB08A72177AB9600AC012E /* Products */ = {
			isa = PBXGroup;
			children = (
				DBDB08A62177AB9600AC012E /* VideoTable.app */,
			);
			name = Products;
			sourceTree = "<group>";
		};
		DBDB08A82177AB9600AC012E /* VideoTable */ = {
			isa = PBXGroup;
			children = (
				DBDB08A92177AB9600AC012E /* AppDelegate.swift */,
				DBDB08C32177B1FB00AC012E /* Model */,
				DBDB08C12177B1EB00AC012E /* View */,
				DBDB08C22177B1F300AC012E /* Controller */,
				DBDB08B02177AB9900AC012E /* Assets.xcassets */,
				DBDB08B22177AB9900AC012E /* LaunchScreen.storyboard */,
				DBDB08B52177AB9900AC012E /* Info.plist */,
				DBDB08D02177B57E00AC012E /* Media */,
			);
			path = VideoTable;
			sourceTree = "<group>";
		};
		DBDB08C12177B1EB00AC012E /* View */ = {
			isa = PBXGroup;
			children = (
				DBDB08AD2177AB9600AC012E /* Main.storyboard */,
				DBDB08BF2177B1D700AC012E /* VideoTableViewCell.swift */,
			);
			path = View;
			sourceTree = "<group>";
		};
		DBDB08C22177B1F300AC012E /* Controller */ = {
			isa = PBXGroup;
			children = (
				DBDB08BD2177AD7A00AC012E /* VideosTableViewController.swift */,
			);
			path = Controller;
			sourceTree = "<group>";
		};
		DBDB08C32177B1FB00AC012E /* Model */ = {
			isa = PBXGroup;
			children = (
				DBDB08BB2177AC7700AC012E /* Video.swift */,
			);
			path = Model;
			sourceTree = "<group>";
		};
		DBDB08D02177B57E00AC012E /* Media */ = {
			isa = PBXGroup;
			children = (
				DBDB08C92177B54800AC012E /* v1.mp4 */,
				DBDB08C42177B54200AC012E /* v2.mp4 */,
				DBDB08C82177B54600AC012E /* v3.mp4 */,
				DBDB08C62177B54300AC012E /* v4.mp4 */,
				DBDB08C72177B54500AC012E /* v5.mp4 */,
				DBDB08C52177B54300AC012E /* v6.mp4 */,
			);
			path = Media;
			sourceTree = "<group>";
		};
/* End PBXGroup section */

/* Begin PBXNativeTarget section */
		DBDB08A52177AB9600AC012E /* VideoTable */ = {
			isa = PBXNativeTarget;
			buildConfigurationList = DBDB08B82177AB9900AC012E /* Build configuration list for PBXNativeTarget "VideoTable" */;
			buildPhases = (
				DBDB08A22177AB9600AC012E /* Sources */,
				DBDB08A32177AB9600AC012E /* Frameworks */,
				DBDB08A42177AB9600AC012E /* Resources */,
			);
			buildRules = (
			);
			dependencies = (
			);
			name = VideoTable;
			productName = VideoTable;
			productReference = DBDB08A62177AB9600AC012E /* VideoTable.app */;
			productType = "com.apple.product-type.application";
		};
/* End PBXNativeTarget section */

/* Begin PBXProject section */
		DBDB089E2177AB9600AC012E /* Project object */ = {
			isa = PBXProject;
			attributes = {
				LastSwiftUpdateCheck = 1000;
				LastUpgradeCheck = 1000;
				ORGANIZATIONNAME = Rish;
				TargetAttributes = {
					DBDB08A52177AB9600AC012E = {
						CreatedOnToolsVersion = 10.0;
					};
				};
			};
			buildConfigurationList = DBDB08A12177AB9600AC012E /* Build configuration list for PBXProject "VideoTable" */;
			compatibilityVersion = "Xcode 9.3";
			developmentRegion = en;
			hasScannedForEncodings = 0;
			knownRegions = (
				en,
				Base,
			);
			mainGroup = DBDB089D2177AB9600AC012E;
			productRefGroup = DBDB08A72177AB9600AC012E /* Products */;
			projectDirPath = "";
			projectRoot = "";
			targets = (
				DBDB08A52177AB9600AC012E /* VideoTable */,
			);
		};
/* End PBXProject section */

/* Begin PBXResourcesBuildPhase section */
		DBDB08A42177AB9600AC012E /* Resources */ = {
			isa = PBXResourcesBuildPhase;
			buildActionMask = 2147483647;
			files = (
				DBDB08CD2177B54900AC012E /* v5.mp4 in Resources */,
				DBDB08CB2177B54900AC012E /* v6.mp4 in Resources */,
				DBDB08B42177AB9900AC012E /* LaunchScreen.storyboard in Resources */,
				DBDB08CF2177B54900AC012E /* v1.mp4 in Resources */,
				DBDB08CA2177B54900AC012E /* v2.mp4 in Resources */,
				DBDB08CC2177B54900AC012E /* v4.mp4 in Resources */,
				DBDB08B12177AB9900AC012E /* Assets.xcassets in Resources */,
				DBDB08CE2177B54900AC012E /* v3.mp4 in Resources */,
				DBDB08AF2177AB9600AC012E /* Main.storyboard in Resources */,
			);
			runOnlyForDeploymentPostprocessing = 0;
		};
/* End PBXResourcesBuildPhase section */

/* Begin PBXSourcesBuildPhase section */
		DBDB08A22177AB9600AC012E /* Sources */ = {
			isa = PBXSourcesBuildPhase;
			buildActionMask = 2147483647;
			files = (
				DBDB08BE2177AD7A00AC012E /* VideosTableViewController.swift in Sources */,
				DBDB08C02177B1D700AC012E /* VideoTableViewCell.swift in Sources */,
				DBDB08BC2177AC7800AC012E /* Video.swift in Sources */,
				DBDB08AA2177AB9600AC012E /* AppDelegate.swift in Sources */,
			);
			runOnlyForDeploymentPostprocessing = 0;
		};
/* End PBXSourcesBuildPhase section */

/* Begin PBXVariantGroup section */
		DBDB08AD2177AB9600AC012E /* Main.storyboard */ = {
			isa = PBXVariantGroup;
			children = (
				DBDB08AE2177AB9600AC012E /* Base */,
			);
			name = Main.storyboard;
			sourceTree = "<group>";
		};
		DBDB08B22177AB9900AC012E /* LaunchScreen.storyboard */ = {
			isa = PBXVariantGroup;
			children = (
				DBDB08B32177AB9900AC012E /* Base */,
			);
			name = LaunchScreen.storyboard;
			sourceTree = "<group>";
		};
/* End PBXVariantGroup section */

/* Begin XCBuildConfiguration section */
		DBDB08B62177AB9900AC012E /* Debug */ = {
			isa = XCBuildConfiguration;
			buildSettings = {
				ALWAYS_SEARCH_USER_PATHS = NO;
				CLANG_ANALYZER_NONNULL = YES;
				CLANG_ANALYZER_NUMBER_OBJECT_CONVERSION = YES_AGGRESSIVE;
				CLANG_CXX_LANGUAGE_STANDARD = "gnu++14";
				CLANG_CXX_LIBRARY = "libc++";
				CLANG_ENABLE_MODULES = YES;
				CLANG_ENABLE_OBJC_ARC = YES;
				CLANG_ENABLE_OBJC_WEAK = YES;
				CLANG_WARN_BLOCK_CAPTURE_AUTORELEASING = YES;
				CLANG_WARN_BOOL_CONVERSION = YES;
				CLANG_WARN_COMMA = YES;
				CLANG_WARN_CONSTANT_CONVERSION = YES;
				CLANG_WARN_DEPRECATED_OBJC_IMPLEMENTATIONS = YES;
				CLANG_WARN_DIRECT_OBJC_ISA_USAGE = YES_ERROR;
				CLANG_WARN_DOCUMENTATION_COMMENTS = YES;
				CLANG_WARN_EMPTY_BODY = YES;
				CLANG_WARN_ENUM_CONVERSION = YES;
				CLANG_WARN_INFINITE_RECURSION = YES;
				CLANG_WARN_INT_CONVERSION = YES;
				CLANG_WARN_NON_LITERAL_NULL_CONVERSION = YES;
				CLANG_WARN_OBJC_IMPLICIT_RETAIN_SELF = YES;
				CLANG_WARN_OBJC_LITERAL_CONVERSION = YES;
				CLANG_WARN_OBJC_ROOT_CLASS = YES_ERROR;
				CLANG_WARN_RANGE_LOOP_ANALYSIS = YES;
				CLANG_WARN_STRICT_PROTOTYPES = YES;
				CLANG_WARN_SUSPICIOUS_MOVE = YES;
				CLANG_WARN_UNGUARDED_AVAILABILITY = YES_AGGRESSIVE;
				CLANG_WARN_UNREACHABLE_CODE = YES;
				CLANG_WARN__DUPLICATE_METHOD_MATCH = YES;
				CODE_SIGN_IDENTITY = "iPhone Developer";
				COPY_PHASE_STRIP = NO;
				DEBUG_INFORMATION_FORMAT = dwarf;
				ENABLE_STRICT_OBJC_MSGSEND = YES;
				ENABLE_TESTABILITY = YES;
				GCC_C_LANGUAGE_STANDARD = gnu11;
				GCC_DYNAMIC_NO_PIC = NO;
				GCC_NO_COMMON_BLOCKS = YES;
				GCC_OPTIMIZATION_LEVEL = 0;
				GCC_PREPROCESSOR_DEFINITIONS = (
					"DEBUG=1",
					"$(inherited)",
				);
				GCC_WARN_64_TO_32_BIT_CONVERSION = YES;
				GCC_WARN_ABOUT_RETURN_TYPE = YES_ERROR;
				GCC_WARN_UNDECLARED_SELECTOR = YES;
				GCC_WARN_UNINITIALIZED_AUTOS = YES_AGGRESSIVE;
				GCC_WARN_UNUSED_FUNCTION = YES;
				GCC_WARN_UNUSED_VARIABLE = YES;
				IPHONEOS_DEPLOYMENT_TARGET = 12.0;
				MTL_ENABLE_DEBUG_INFO = INCLUDE_SOURCE;
				MTL_FAST_MATH = YES;
				ONLY_ACTIVE_ARCH = YES;
				SDKROOT = iphoneos;
				SWIFT_ACTIVE_COMPILATION_CONDITIONS = DEBUG;
				SWIFT_OPTIMIZATION_LEVEL = "-Onone";
			};
			name = Debug;
		};
		DBDB08B72177AB9900AC012E /* Release */ = {
			isa = XCBuildConfiguration;
			buildSettings = {
				ALWAYS_SEARCH_USER_PATHS = NO;
				CLANG_ANALYZER_NONNULL = YES;
				CLANG_ANALYZER_NUMBER_OBJECT_CONVERSION = YES_AGGRESSIVE;
				CLANG_CXX_LANGUAGE_STANDARD = "gnu++14";
				CLANG_CXX_LIBRARY = "libc++";
				CLANG_ENABLE_MODULES = YES;
				CLANG_ENABLE_OBJC_ARC = YES;
				CLANG_ENABLE_OBJC_WEAK = YES;
				CLANG_WARN_BLOCK_CAPTURE_AUTORELEASING = YES;
				CLANG_WARN_BOOL_CONVERSION = YES;
				CLANG_WARN_COMMA = YES;
				CLANG_WARN_CONSTANT_CONVERSION = YES;
				CLANG_WARN_DEPRECATED_OBJC_IMPLEMENTATIONS = YES;
				CLANG_WARN_DIRECT_OBJC_ISA_USAGE = YES_ERROR;
				CLANG_WARN_DOCUMENTATION_COMMENTS = YES;
				CLANG_WARN_EMPTY_BODY = YES;
				CLANG_WARN_ENUM_CONVERSION = YES;
				CLANG_WARN_INFINITE_RECURSION = YES;
				CLANG_WARN_INT_CONVERSION = YES;
				CLANG_WARN_NON_LITERAL_NULL_CONVERSION = YES;
				CLANG_WARN_OBJC_IMPLICIT_RETAIN_SELF = YES;
				CLANG_WARN_OBJC_LITERAL_CONVERSION = YES;
				CLANG_WARN_OBJC_ROOT_CLASS = YES_ERROR;
				CLANG_WARN_RANGE_LOOP_ANALYSIS = YES;
				CLANG_WARN_STRICT_PROTOTYPES = YES;
				CLANG_WARN_SUSPICIOUS_MOVE = YES;
				CLANG_WARN_UNGUARDED_AVAILABILITY = YES_AGGRESSIVE;
				CLANG_WARN_UNREACHABLE_CODE = YES;
				CLANG_WARN__DUPLICATE_METHOD_MATCH = YES;
				CODE_SIGN_IDENTITY = "iPhone Developer";
				COPY_PHASE_STRIP = NO;
				DEBUG_INFORMATION_FORMAT = "dwarf-with-dsym";
				ENABLE_NS_ASSERTIONS = NO;
				ENABLE_STRICT_OBJC_MSGSEND = YES;
				GCC_C_LANGUAGE_STANDARD = gnu11;
				GCC_NO_COMMON_BLOCKS = YES;
				GCC_WARN_64_TO_32_BIT_CONVERSION = YES;
				GCC_WARN_ABOUT_RETURN_TYPE = YES_ERROR;
				GCC_WARN_UNDECLARED_SELECTOR = YES;
				GCC_WARN_UNINITIALIZED_AUTOS = YES_AGGRESSIVE;
				GCC_WARN_UNUSED_FUNCTION = YES;
				GCC_WARN_UNUSED_VARIABLE = YES;
				IPHONEOS_DEPLOYMENT_TARGET = 12.0;
				MTL_ENABLE_DEBUG_INFO = NO;
				MTL_FAST_MATH = YES;
				SDKROOT = iphoneos;
				SWIFT_COMPILATION_MODE = wholemodule;
				SWIFT_OPTIMIZATION_LEVEL = "-O";
				VALIDATE_PRODUCT = YES;
			};
			name = Release;
		};
		DBDB08B92177AB9900AC012E /* Debug */ = {
			isa = XCBuildConfiguration;
			buildSettings = {
				ASSETCATALOG_COMPILER_APPICON_NAME = AppIcon;
				CODE_SIGN_STYLE = Automatic;
				DEVELOPMENT_TEAM = 6J7Z474QUR;
				INFOPLIST_FILE = VideoTable/Info.plist;
				LD_RUNPATH_SEARCH_PATHS = (
					"$(inherited)",
					"@executable_path/Frameworks",
				);
				PRODUCT_BUNDLE_IDENTIFIER = com.rishstudio.VideoTable;
				PRODUCT_NAME = "$(TARGET_NAME)";
				SWIFT_VERSION = 4.2;
				TARGETED_DEVICE_FAMILY = "1,2";
			};
			name = Debug;
		};
		DBDB08BA2177AB9900AC012E /* Release */ = {
			isa = XCBuildConfiguration;
			buildSettings = {
				ASSETCATALOG_COMPILER_APPICON_NAME = AppIcon;
				CODE_SIGN_STYLE = Automatic;
				DEVELOPMENT_TEAM = 6J7Z474QUR;
				INFOPLIST_FILE = VideoTable/Info.plist;
				LD_RUNPATH_SEARCH_PATHS = (
					"$(inherited)",
					"@executable_path/Frameworks",
				);
				PRODUCT_BUNDLE_IDENTIFIER = com.rishstudio.VideoTable;
				PRODUCT_NAME = "$(TARGET_NAME)";
				SWIFT_VERSION = 4.2;
				TARGETED_DEVICE_FAMILY = "1,2";
			};
			name = Release;
		};
/* End XCBuildConfiguration section */

/* Begin XCConfigurationList section */
		DBDB08A12177AB9600AC012E /* Build configuration list for PBXProject "VideoTable" */ = {
			isa = XCConfigurationList;
			buildConfigurations = (
				DBDB08B62177AB9900AC012E /* Debug */,
				DBDB08B72177AB9900AC012E /* Release */,
			);
			defaultConfigurationIsVisible = 0;
			defaultConfigurationName = Release;
		};
		DBDB08B82177AB9900AC012E /* Build configuration list for PBXNativeTarget "VideoTable" */ = {
			isa = XCConfigurationList;
			buildConfigurations = (
				DBDB08B92177AB9900AC012E /* Debug */,
				DBDB08BA2177AB9900AC012E /* Release */,
			);
			defaultConfigurationIsVisible = 0;
			defaultConfigurationName = Release;
		};
/* End XCConfigurationList section */
	};
	rootObject = DBDB089E2177AB9600AC012E /* Project object */;
}
